PODS:
  - BEMSimpleLineGraph (4.1)
  - CircleMenu (1.0.0)
  - Crashlytics (3.7.0):
    - Fabric (~> 1.6.3)
  - DZNEmptyDataSet (1.8)
  - Fabric (1.6.7)
  - Font-Awesome-Swift (1.4.7)
  - FSLineChart (0.1.7)
  - LTMorphingLabel (0.2.0)
  - MMSegmentSlider (1.0.2)
  - RaptureXML (1.0.1)
  - SkyFloatingLabelTextField (1.2.0)
  - UIImage+SVG (0.1):
    - RaptureXML (~> 1.0.1)
  - Whisper (2.1)

DEPENDENCIES:
  - BEMSimpleLineGraph
  - CircleMenu (~> 1.0.0)
  - Crashlytics
  - DZNEmptyDataSet
  - Fabric
  - Font-Awesome-Swift (~> 1.4.7)
  - FSLineChart
  - LTMorphingLabel
  - MMSegmentSlider (from `https://github.com/MedvedevMax/MMSegmentSlider`)
  - SkyFloatingLabelTextField (~> 1.0)
  - UIImage+SVG (~> 0.1)
  - Whisper

EXTERNAL SOURCES:
  MMSegmentSlider:
    :git: https://github.com/MedvedevMax/MMSegmentSlider

CHECKOUT OPTIONS:
  MMSegmentSlider:
    :commit: f81787520409b77bb2d9082d79d2a29ce7053535
    :git: https://github.com/MedvedevMax/MMSegmentSlider

SPEC CHECKSUMS:
  BEMSimpleLineGraph: 44fd451f27f8e9cf96f2da5bea27603093576dd1
  CircleMenu: d67d88395705c20c23806632987288b39fbfc690
  Crashlytics: c3a2333dea9e2733d2777f730910321fc9e25c0d
  DZNEmptyDataSet: d2351b2e8daefa40433ef292e246e21f6be31a7b
  Fabric: caf7580c725e64db144f610ac65cd60956911dc7
  Font-Awesome-Swift: 0131fd0f683ac024ce9abf1fdbc9fb482150ce49
  FSLineChart: 1b8d3727e8feb323144126d381184bf1b15e6efc
  LTMorphingLabel: 490aa8e079f9247c7f3130f7d4b1be1d66677377
  MMSegmentSlider: d5866753cf716c428f667d716c4707b2a69ea6b4
  RaptureXML: b5c33c04c1a4adfd8ad0d5463329a31820596e82
  SkyFloatingLabelTextField: ea2d0818757ff6263169f470a5dca4718700ba85
  UIImage+SVG: 23a2edbb60b0f4c083068963086e309ebd8be592
  Whisper: 18b574de21a089c0d664b115f26e0d9ccbbadbab

COCOAPODS: 0.39.0
