// !$*UTF8*$!
{
	archiveVersion = 1;
	classes = {
	};
	objectVersion = 46;
	objects = {

/* Begin PBXBuildFile section */
		7D3A31EA1CCA778400001B00 /* 1Woman11.mp3 in Resources */ = {isa = PBXBuildFile; fileRef = 7D3A31C81CCA778400001B00 /* 1Woman11.mp3 */; };
		7D3A31EB1CCA778400001B00 /* 1Woman12.mp3 in Resources */ = {isa = PBXBuildFile; fileRef = 7D3A31C91CCA778400001B00 /* 1Woman12.mp3 */; };
		7D3A31EC1CCA778400001B00 /* 1Woman21.mp3 in Resources */ = {isa = PBXBuildFile; fileRef = 7D3A31CA1CCA778400001B00 /* 1Woman21.mp3 */; };
		7D3A31ED1CCA778400001B00 /* 1Woman22.mp3 in Resources */ = {isa = PBXBuildFile; fileRef = 7D3A31CB1CCA778400001B00 /* 1Woman22.mp3 */; };
		7D3A31EE1CCA778400001B00 /* 1Woman23.mp3 in Resources */ = {isa = PBXBuildFile; fileRef = 7D3A31CC1CCA778400001B00 /* 1Woman23.mp3 */; };
		7D3A31EF1CCA778400001B00 /* 1Woman31.mp3 in Resources */ = {isa = PBXBuildFile; fileRef = 7D3A31CD1CCA778400001B00 /* 1Woman31.mp3 */; };
		7D3A31F01CCA778400001B00 /* 1Woman32.mp3 in Resources */ = {isa = PBXBuildFile; fileRef = 7D3A31CE1CCA778400001B00 /* 1Woman32.mp3 */; };
		7D3A31F11CCA778400001B00 /* 1Woman33.mp3 in Resources */ = {isa = PBXBuildFile; fileRef = 7D3A31CF1CCA778400001B00 /* 1Woman33.mp3 */; };
		7D3A31F21CCA778400001B00 /* 2Woman11.mp3 in Resources */ = {isa = PBXBuildFile; fileRef = 7D3A31D01CCA778400001B00 /* 2Woman11.mp3 */; };
		7D3A31F31CCA778400001B00 /* 2Woman12.mp3 in Resources */ = {isa = PBXBuildFile; fileRef = 7D3A31D11CCA778400001B00 /* 2Woman12.mp3 */; };
		7D3A31F41CCA778400001B00 /* 2Woman13.mp3 in Resources */ = {isa = PBXBuildFile; fileRef = 7D3A31D21CCA778400001B00 /* 2Woman13.mp3 */; };
		7D3A31F51CCA778400001B00 /* 2Woman21.mp3 in Resources */ = {isa = PBXBuildFile; fileRef = 7D3A31D31CCA778400001B00 /* 2Woman21.mp3 */; };
		7D3A31F61CCA778400001B00 /* 2Woman22.mp3 in Resources */ = {isa = PBXBuildFile; fileRef = 7D3A31D41CCA778400001B00 /* 2Woman22.mp3 */; };
		7D3A31F71CCA778400001B00 /* 2Woman23.mp3 in Resources */ = {isa = PBXBuildFile; fileRef = 7D3A31D51CCA778400001B00 /* 2Woman23.mp3 */; };
		7D3A31F81CCA778400001B00 /* 2Woman31.mp3 in Resources */ = {isa = PBXBuildFile; fileRef = 7D3A31D61CCA778400001B00 /* 2Woman31.mp3 */; };
		7D3A31F91CCA778400001B00 /* 2Woman32.mp3 in Resources */ = {isa = PBXBuildFile; fileRef = 7D3A31D71CCA778400001B00 /* 2Woman32.mp3 */; };
		7D3A31FA1CCA778400001B00 /* 2Woman33.mp3 in Resources */ = {isa = PBXBuildFile; fileRef = 7D3A31D81CCA778400001B00 /* 2Woman33.mp3 */; };
		7D3A31FB1CCA778400001B00 /* 3Woman11.mp3 in Resources */ = {isa = PBXBuildFile; fileRef = 7D3A31D91CCA778400001B00 /* 3Woman11.mp3 */; };
		7D3A31FC1CCA778400001B00 /* 3Woman12.mp3 in Resources */ = {isa = PBXBuildFile; fileRef = 7D3A31DA1CCA778400001B00 /* 3Woman12.mp3 */; };
		7D3A31FD1CCA778400001B00 /* 3Woman13.mp3 in Resources */ = {isa = PBXBuildFile; fileRef = 7D3A31DB1CCA778400001B00 /* 3Woman13.mp3 */; };
		7D3A31FE1CCA778400001B00 /* 3Woman21.mp3 in Resources */ = {isa = PBXBuildFile; fileRef = 7D3A31DC1CCA778400001B00 /* 3Woman21.mp3 */; };
		7D3A31FF1CCA778400001B00 /* 3Woman22.mp3 in Resources */ = {isa = PBXBuildFile; fileRef = 7D3A31DD1CCA778400001B00 /* 3Woman22.mp3 */; };
		7D3A32001CCA778400001B00 /* 3Woman23.mp3 in Resources */ = {isa = PBXBuildFile; fileRef = 7D3A31DE1CCA778400001B00 /* 3Woman23.mp3 */; };
		7D3A32011CCA778400001B00 /* 3Woman31.mp3 in Resources */ = {isa = PBXBuildFile; fileRef = 7D3A31DF1CCA778400001B00 /* 3Woman31.mp3 */; };
		7D3A32021CCA778400001B00 /* 3Woman32.mp3 in Resources */ = {isa = PBXBuildFile; fileRef = 7D3A31E01CCA778400001B00 /* 3Woman32.mp3 */; };
		7D3A32031CCA778400001B00 /* 3Woman33.mp3 in Resources */ = {isa = PBXBuildFile; fileRef = 7D3A31E11CCA778400001B00 /* 3Woman33.mp3 */; };
		7D3A32041CCA778400001B00 /* 4Woman12.mp3 in Resources */ = {isa = PBXBuildFile; fileRef = 7D3A31E21CCA778400001B00 /* 4Woman12.mp3 */; };
		7D3A32051CCA778400001B00 /* 4Woman13.mp3 in Resources */ = {isa = PBXBuildFile; fileRef = 7D3A31E31CCA778400001B00 /* 4Woman13.mp3 */; };
		7D3A32061CCA778400001B00 /* 4Woman21.mp3 in Resources */ = {isa = PBXBuildFile; fileRef = 7D3A31E41CCA778400001B00 /* 4Woman21.mp3 */; };
		7D3A32071CCA778400001B00 /* 4Woman22.mp3 in Resources */ = {isa = PBXBuildFile; fileRef = 7D3A31E51CCA778400001B00 /* 4Woman22.mp3 */; };
		7D3A32081CCA778400001B00 /* 4Woman23.mp3 in Resources */ = {isa = PBXBuildFile; fileRef = 7D3A31E61CCA778400001B00 /* 4Woman23.mp3 */; };
		7D3A32091CCA778400001B00 /* 4Woman31.mp3 in Resources */ = {isa = PBXBuildFile; fileRef = 7D3A31E71CCA778400001B00 /* 4Woman31.mp3 */; };
		7D3A320A1CCA778400001B00 /* 4Woman32.mp3 in Resources */ = {isa = PBXBuildFile; fileRef = 7D3A31E81CCA778400001B00 /* 4Woman32.mp3 */; };
		7D3A320B1CCA778400001B00 /* 4Woman33.mp3 in Resources */ = {isa = PBXBuildFile; fileRef = 7D3A31E91CCA778400001B00 /* 4Woman33.mp3 */; };
		7D47E39A1CD29668008C890A /* TwilioVerifyCode.swift in Sources */ = {isa = PBXBuildFile; fileRef = 7D47E3991CD29668008C890A /* TwilioVerifyCode.swift */; };
		7D5BAF161CB5CED200D5D373 /* AppDelegate.swift in Sources */ = {isa = PBXBuildFile; fileRef = 7D5BAF151CB5CED200D5D373 /* AppDelegate.swift */; };
		7D5BAF1B1CB5CED200D5D373 /* Main.storyboard in Resources */ = {isa = PBXBuildFile; fileRef = 7D5BAF191CB5CED200D5D373 /* Main.storyboard */; };
		7D5BAF1D1CB5CED200D5D373 /* Assets.xcassets in Resources */ = {isa = PBXBuildFile; fileRef = 7D5BAF1C1CB5CED200D5D373 /* Assets.xcassets */; };
		7D5BAF2B1CB5CED200D5D373 /* StrideTests.swift in Sources */ = {isa = PBXBuildFile; fileRef = 7D5BAF2A1CB5CED200D5D373 /* StrideTests.swift */; };
		7D5BAF361CB5CED200D5D373 /* StrideUITests.swift in Sources */ = {isa = PBXBuildFile; fileRef = 7D5BAF351CB5CED200D5D373 /* StrideUITests.swift */; };
		7D6AE1F11CCD780F00EE97E4 /* 1Man11.mp3 in Resources */ = {isa = PBXBuildFile; fileRef = 7D6AE1CD1CCD780F00EE97E4 /* 1Man11.mp3 */; };
		7D6AE1F21CCD780F00EE97E4 /* 1Man12.mp3 in Resources */ = {isa = PBXBuildFile; fileRef = 7D6AE1CE1CCD780F00EE97E4 /* 1Man12.mp3 */; };
		7D6AE1F31CCD780F00EE97E4 /* 1Man13.mp3 in Resources */ = {isa = PBXBuildFile; fileRef = 7D6AE1CF1CCD780F00EE97E4 /* 1Man13.mp3 */; };
		7D6AE1F41CCD780F00EE97E4 /* 1Man21.mp3 in Resources */ = {isa = PBXBuildFile; fileRef = 7D6AE1D01CCD780F00EE97E4 /* 1Man21.mp3 */; };
		7D6AE1F51CCD780F00EE97E4 /* 1Man22.mp3 in Resources */ = {isa = PBXBuildFile; fileRef = 7D6AE1D11CCD780F00EE97E4 /* 1Man22.mp3 */; };
		7D6AE1F61CCD780F00EE97E4 /* 1Man23.mp3 in Resources */ = {isa = PBXBuildFile; fileRef = 7D6AE1D21CCD780F00EE97E4 /* 1Man23.mp3 */; };
		7D6AE1F71CCD780F00EE97E4 /* 1Man31.mp3 in Resources */ = {isa = PBXBuildFile; fileRef = 7D6AE1D31CCD780F00EE97E4 /* 1Man31.mp3 */; };
		7D6AE1F81CCD780F00EE97E4 /* 1Man32.mp3 in Resources */ = {isa = PBXBuildFile; fileRef = 7D6AE1D41CCD780F00EE97E4 /* 1Man32.mp3 */; };
		7D6AE1F91CCD780F00EE97E4 /* 1Man33.mp3 in Resources */ = {isa = PBXBuildFile; fileRef = 7D6AE1D51CCD780F00EE97E4 /* 1Man33.mp3 */; };
		7D6AE1FA1CCD780F00EE97E4 /* 2Man11.mp3 in Resources */ = {isa = PBXBuildFile; fileRef = 7D6AE1D61CCD780F00EE97E4 /* 2Man11.mp3 */; };
		7D6AE1FB1CCD780F00EE97E4 /* 2Man12.mp3 in Resources */ = {isa = PBXBuildFile; fileRef = 7D6AE1D71CCD780F00EE97E4 /* 2Man12.mp3 */; };
		7D6AE1FC1CCD780F00EE97E4 /* 2Man13.mp3 in Resources */ = {isa = PBXBuildFile; fileRef = 7D6AE1D81CCD780F00EE97E4 /* 2Man13.mp3 */; };
		7D6AE1FD1CCD780F00EE97E4 /* 2Man21.mp3 in Resources */ = {isa = PBXBuildFile; fileRef = 7D6AE1D91CCD780F00EE97E4 /* 2Man21.mp3 */; };
		7D6AE1FE1CCD780F00EE97E4 /* 2Man22.mp3 in Resources */ = {isa = PBXBuildFile; fileRef = 7D6AE1DA1CCD780F00EE97E4 /* 2Man22.mp3 */; };
		7D6AE1FF1CCD780F00EE97E4 /* 2Man23.mp3 in Resources */ = {isa = PBXBuildFile; fileRef = 7D6AE1DB1CCD780F00EE97E4 /* 2Man23.mp3 */; };
		7D6AE2001CCD780F00EE97E4 /* 2Man31.mp3 in Resources */ = {isa = PBXBuildFile; fileRef = 7D6AE1DC1CCD780F00EE97E4 /* 2Man31.mp3 */; };
		7D6AE2011CCD780F00EE97E4 /* 2Man32.mp3 in Resources */ = {isa = PBXBuildFile; fileRef = 7D6AE1DD1CCD780F00EE97E4 /* 2Man32.mp3 */; };
		7D6AE2021CCD780F00EE97E4 /* 2Man33.mp3 in Resources */ = {isa = PBXBuildFile; fileRef = 7D6AE1DE1CCD780F00EE97E4 /* 2Man33.mp3 */; };
		7D6AE2031CCD780F00EE97E4 /* 3Man11.mp3 in Resources */ = {isa = PBXBuildFile; fileRef = 7D6AE1DF1CCD780F00EE97E4 /* 3Man11.mp3 */; };
		7D6AE2041CCD780F00EE97E4 /* 3Man12.mp3 in Resources */ = {isa = PBXBuildFile; fileRef = 7D6AE1E01CCD780F00EE97E4 /* 3Man12.mp3 */; };
		7D6AE2051CCD780F00EE97E4 /* 3Man13.mp3 in Resources */ = {isa = PBXBuildFile; fileRef = 7D6AE1E11CCD780F00EE97E4 /* 3Man13.mp3 */; };
		7D6AE2061CCD780F00EE97E4 /* 3Man21.mp3 in Resources */ = {isa = PBXBuildFile; fileRef = 7D6AE1E21CCD780F00EE97E4 /* 3Man21.mp3 */; };
		7D6AE2081CCD780F00EE97E4 /* 3Man23.mp3 in Resources */ = {isa = PBXBuildFile; fileRef = 7D6AE1E41CCD780F00EE97E4 /* 3Man23.mp3 */; };
		7D6AE2091CCD780F00EE97E4 /* 3Man31.mp3 in Resources */ = {isa = PBXBuildFile; fileRef = 7D6AE1E51CCD780F00EE97E4 /* 3Man31.mp3 */; };
		7D6AE20A1CCD780F00EE97E4 /* 3Man32.mp3 in Resources */ = {isa = PBXBuildFile; fileRef = 7D6AE1E61CCD780F00EE97E4 /* 3Man32.mp3 */; };
		7D6AE20B1CCD780F00EE97E4 /* 3Man33.mp3 in Resources */ = {isa = PBXBuildFile; fileRef = 7D6AE1E71CCD780F00EE97E4 /* 3Man33.mp3 */; };
		7D6AE20C1CCD780F00EE97E4 /* 4Man11.mp3 in Resources */ = {isa = PBXBuildFile; fileRef = 7D6AE1E81CCD780F00EE97E4 /* 4Man11.mp3 */; };
		7D6AE20D1CCD780F00EE97E4 /* 4Man12.mp3 in Resources */ = {isa = PBXBuildFile; fileRef = 7D6AE1E91CCD780F00EE97E4 /* 4Man12.mp3 */; };
		7D6AE20E1CCD780F00EE97E4 /* 4Man13.mp3 in Resources */ = {isa = PBXBuildFile; fileRef = 7D6AE1EA1CCD780F00EE97E4 /* 4Man13.mp3 */; };
		7D6AE20F1CCD780F00EE97E4 /* 4Man21.mp3 in Resources */ = {isa = PBXBuildFile; fileRef = 7D6AE1EB1CCD780F00EE97E4 /* 4Man21.mp3 */; };
		7D6AE2101CCD780F00EE97E4 /* 4Man22.mp3 in Resources */ = {isa = PBXBuildFile; fileRef = 7D6AE1EC1CCD780F00EE97E4 /* 4Man22.mp3 */; };
		7D6AE2111CCD780F00EE97E4 /* 4Man23.mp3 in Resources */ = {isa = PBXBuildFile; fileRef = 7D6AE1ED1CCD780F00EE97E4 /* 4Man23.mp3 */; };
		7D6AE2121CCD780F00EE97E4 /* 4Man31.mp3 in Resources */ = {isa = PBXBuildFile; fileRef = 7D6AE1EE1CCD780F00EE97E4 /* 4Man31.mp3 */; };
		7D6AE2131CCD780F00EE97E4 /* 4Man32.mp3 in Resources */ = {isa = PBXBuildFile; fileRef = 7D6AE1EF1CCD780F00EE97E4 /* 4Man32.mp3 */; };
		7D6AE2141CCD780F00EE97E4 /* 4Man33.mp3 in Resources */ = {isa = PBXBuildFile; fileRef = 7D6AE1F01CCD780F00EE97E4 /* 4Man33.mp3 */; };
		7D6AE2161CCD789A00EE97E4 /* 3Man22.mp3 in Resources */ = {isa = PBXBuildFile; fileRef = 7D6AE2151CCD789A00EE97E4 /* 3Man22.mp3 */; };
		7D6AE2181CCDA43000EE97E4 /* StatisticsViewController.swift in Sources */ = {isa = PBXBuildFile; fileRef = 7D6AE2171CCDA43000EE97E4 /* StatisticsViewController.swift */; };
		7D84D7A91CBD542500392A1F /* StrideCalculatorViewController.swift in Sources */ = {isa = PBXBuildFile; fileRef = 7D84D7A81CBD542500392A1F /* StrideCalculatorViewController.swift */; };
		7D84D7AC1CBD545800392A1F /* NewRunViewController.swift in Sources */ = {isa = PBXBuildFile; fileRef = 7D84D7AB1CBD545800392A1F /* NewRunViewController.swift */; };
		7D84D7AE1CBD546C00392A1F /* PastRunsViewController.swift in Sources */ = {isa = PBXBuildFile; fileRef = 7D84D7AD1CBD546C00392A1F /* PastRunsViewController.swift */; };
		7D84D7B01CBD548D00392A1F /* PastRunDetailViewController.swift in Sources */ = {isa = PBXBuildFile; fileRef = 7D84D7AF1CBD548D00392A1F /* PastRunDetailViewController.swift */; };
		7D84D7B21CBD561200392A1F /* HomeViewController.swift in Sources */ = {isa = PBXBuildFile; fileRef = 7D84D7B11CBD561200392A1F /* HomeViewController.swift */; };
		7D84D7BD1CBEF07600392A1F /* MapKit.framework in Frameworks */ = {isa = PBXBuildFile; fileRef = 7D84D7BC1CBEF07600392A1F /* MapKit.framework */; };
		7D84D7BF1CBEF30F00392A1F /* RunnerSettings.swift in Sources */ = {isa = PBXBuildFile; fileRef = 7D84D7BE1CBEF30F00392A1F /* RunnerSettings.swift */; };
		7D84D7C31CC6B39300392A1F /* SetPaceViewController.swift in Sources */ = {isa = PBXBuildFile; fileRef = 7D84D7C21CC6B39300392A1F /* SetPaceViewController.swift */; };
		7DAD30861CC7218C00494EB9 /* SettingsMainViewController.swift in Sources */ = {isa = PBXBuildFile; fileRef = 7DAD30851CC7218C00494EB9 /* SettingsMainViewController.swift */; };
		7DAD30881CC7230400494EB9 /* StrideCalcInitViewController.swift in Sources */ = {isa = PBXBuildFile; fileRef = 7DAD30871CC7230400494EB9 /* StrideCalcInitViewController.swift */; };
		7DAD308A1CC7BD8200494EB9 /* PastRunsTableViewCell.swift in Sources */ = {isa = PBXBuildFile; fileRef = 7DAD30891CC7BD8200494EB9 /* PastRunsTableViewCell.swift */; };
		7DAD308D1CC7DCFB00494EB9 /* InformationViewController.swift in Sources */ = {isa = PBXBuildFile; fileRef = 7DAD308C1CC7DCFB00494EB9 /* InformationViewController.swift */; };
		7DAD30941CC7EF5400494EB9 /* StrideCoachSettingsViewController.swift in Sources */ = {isa = PBXBuildFile; fileRef = 7DAD30931CC7EF5400494EB9 /* StrideCoachSettingsViewController.swift */; };
		7DAD309C1CC7F7DB00494EB9 /* StrideCoachSettings.swift in Sources */ = {isa = PBXBuildFile; fileRef = 7DAD309B1CC7F7DB00494EB9 /* StrideCoachSettings.swift */; };
		7DD3EE831CCB0590009F7B13 /* 1Woman13.mp3 in Resources */ = {isa = PBXBuildFile; fileRef = 7DD3EE821CCB0590009F7B13 /* 1Woman13.mp3 */; };
		7DD58DBA1CD028B300917788 /* Runs.swift in Sources */ = {isa = PBXBuildFile; fileRef = 7DD58DB91CD028B300917788 /* Runs.swift */; };
		7DD58DBC1CD03E5300917788 /* User.swift in Sources */ = {isa = PBXBuildFile; fileRef = 7DD58DBB1CD03E5300917788 /* User.swift */; };
		7DF23BE51CD2689F00E482D3 /* TwilioConstants.swift in Sources */ = {isa = PBXBuildFile; fileRef = 7DF23BE41CD2689F00E482D3 /* TwilioConstants.swift */; };
		7DF23BE71CD26B1800E482D3 /* TwilioClient.swift in Sources */ = {isa = PBXBuildFile; fileRef = 7DF23BE61CD26B1800E482D3 /* TwilioClient.swift */; };
		7DF23BEA1CD27F9300E482D3 /* TwilioSendMessage.swift in Sources */ = {isa = PBXBuildFile; fileRef = 7DF23BE91CD27F9300E482D3 /* TwilioSendMessage.swift */; };
		E14EAAA5BF72B519FB3FA368 /* Pods.framework in Frameworks */ = {isa = PBXBuildFile; fileRef = 7CB47491F37EB42CF4484E55 /* Pods.framework */; };
/* End PBXBuildFile section */

/* Begin PBXContainerItemProxy section */
		7D5BAF271CB5CED200D5D373 /* PBXContainerItemProxy */ = {
			isa = PBXContainerItemProxy;
			containerPortal = 7D5BAF0A1CB5CED200D5D373 /* Project object */;
			proxyType = 1;
			remoteGlobalIDString = 7D5BAF111CB5CED200D5D373;
			remoteInfo = Stride;
		};
		7D5BAF321CB5CED200D5D373 /* PBXContainerItemProxy */ = {
			isa = PBXContainerItemProxy;
			containerPortal = 7D5BAF0A1CB5CED200D5D373 /* Project object */;
			proxyType = 1;
			remoteGlobalIDString = 7D5BAF111CB5CED200D5D373;
			remoteInfo = Stride;
		};
/* End PBXContainerItemProxy section */

/* Begin PBXFileReference section */
		609A0676259DB46556E9BE3E /* Pods.release.xcconfig */ = {isa = PBXFileReference; includeInIndex = 1; lastKnownFileType = text.xcconfig; name = Pods.release.xcconfig; path = "Pods/Target Support Files/Pods/Pods.release.xcconfig"; sourceTree = "<group>"; };
		7CB47491F37EB42CF4484E55 /* Pods.framework */ = {isa = PBXFileReference; explicitFileType = wrapper.framework; includeInIndex = 0; path = Pods.framework; sourceTree = BUILT_PRODUCTS_DIR; };
		7D3A31C81CCA778400001B00 /* 1Woman11.mp3 */ = {isa = PBXFileReference; lastKnownFileType = audio.mp3; path = 1Woman11.mp3; sourceTree = "<group>"; };
		7D3A31C91CCA778400001B00 /* 1Woman12.mp3 */ = {isa = PBXFileReference; lastKnownFileType = audio.mp3; path = 1Woman12.mp3; sourceTree = "<group>"; };
		7D3A31CA1CCA778400001B00 /* 1Woman21.mp3 */ = {isa = PBXFileReference; lastKnownFileType = audio.mp3; path = 1Woman21.mp3; sourceTree = "<group>"; };
		7D3A31CB1CCA778400001B00 /* 1Woman22.mp3 */ = {isa = PBXFileReference; lastKnownFileType = audio.mp3; path = 1Woman22.mp3; sourceTree = "<group>"; };
		7D3A31CC1CCA778400001B00 /* 1Woman23.mp3 */ = {isa = PBXFileReference; lastKnownFileType = audio.mp3; path = 1Woman23.mp3; sourceTree = "<group>"; };
		7D3A31CD1CCA778400001B00 /* 1Woman31.mp3 */ = {isa = PBXFileReference; lastKnownFileType = audio.mp3; path = 1Woman31.mp3; sourceTree = "<group>"; };
		7D3A31CE1CCA778400001B00 /* 1Woman32.mp3 */ = {isa = PBXFileReference; lastKnownFileType = audio.mp3; path = 1Woman32.mp3; sourceTree = "<group>"; };
		7D3A31CF1CCA778400001B00 /* 1Woman33.mp3 */ = {isa = PBXFileReference; lastKnownFileType = audio.mp3; path = 1Woman33.mp3; sourceTree = "<group>"; };
		7D3A31D01CCA778400001B00 /* 2Woman11.mp3 */ = {isa = PBXFileReference; lastKnownFileType = audio.mp3; path = 2Woman11.mp3; sourceTree = "<group>"; };
		7D3A31D11CCA778400001B00 /* 2Woman12.mp3 */ = {isa = PBXFileReference; lastKnownFileType = audio.mp3; path = 2Woman12.mp3; sourceTree = "<group>"; };
		7D3A31D21CCA778400001B00 /* 2Woman13.mp3 */ = {isa = PBXFileReference; lastKnownFileType = audio.mp3; path = 2Woman13.mp3; sourceTree = "<group>"; };
		7D3A31D31CCA778400001B00 /* 2Woman21.mp3 */ = {isa = PBXFileReference; lastKnownFileType = audio.mp3; path = 2Woman21.mp3; sourceTree = "<group>"; };
		7D3A31D41CCA778400001B00 /* 2Woman22.mp3 */ = {isa = PBXFileReference; lastKnownFileType = audio.mp3; path = 2Woman22.mp3; sourceTree = "<group>"; };
		7D3A31D51CCA778400001B00 /* 2Woman23.mp3 */ = {isa = PBXFileReference; lastKnownFileType = audio.mp3; path = 2Woman23.mp3; sourceTree = "<group>"; };
		7D3A31D61CCA778400001B00 /* 2Woman31.mp3 */ = {isa = PBXFileReference; lastKnownFileType = audio.mp3; path = 2Woman31.mp3; sourceTree = "<group>"; };
		7D3A31D71CCA778400001B00 /* 2Woman32.mp3 */ = {isa = PBXFileReference; lastKnownFileType = audio.mp3; path = 2Woman32.mp3; sourceTree = "<group>"; };
		7D3A31D81CCA778400001B00 /* 2Woman33.mp3 */ = {isa = PBXFileReference; lastKnownFileType = audio.mp3; path = 2Woman33.mp3; sourceTree = "<group>"; };
		7D3A31D91CCA778400001B00 /* 3Woman11.mp3 */ = {isa = PBXFileReference; lastKnownFileType = audio.mp3; path = 3Woman11.mp3; sourceTree = "<group>"; };
		7D3A31DA1CCA778400001B00 /* 3Woman12.mp3 */ = {isa = PBXFileReference; lastKnownFileType = audio.mp3; path = 3Woman12.mp3; sourceTree = "<group>"; };
		7D3A31DB1CCA778400001B00 /* 3Woman13.mp3 */ = {isa = PBXFileReference; lastKnownFileType = audio.mp3; path = 3Woman13.mp3; sourceTree = "<group>"; };
		7D3A31DC1CCA778400001B00 /* 3Woman21.mp3 */ = {isa = PBXFileReference; lastKnownFileType = audio.mp3; path = 3Woman21.mp3; sourceTree = "<group>"; };
		7D3A31DD1CCA778400001B00 /* 3Woman22.mp3 */ = {isa = PBXFileReference; lastKnownFileType = audio.mp3; path = 3Woman22.mp3; sourceTree = "<group>"; };
		7D3A31DE1CCA778400001B00 /* 3Woman23.mp3 */ = {isa = PBXFileReference; lastKnownFileType = audio.mp3; path = 3Woman23.mp3; sourceTree = "<group>"; };
		7D3A31DF1CCA778400001B00 /* 3Woman31.mp3 */ = {isa = PBXFileReference; lastKnownFileType = audio.mp3; path = 3Woman31.mp3; sourceTree = "<group>"; };
		7D3A31E01CCA778400001B00 /* 3Woman32.mp3 */ = {isa = PBXFileReference; lastKnownFileType = audio.mp3; path = 3Woman32.mp3; sourceTree = "<group>"; };
		7D3A31E11CCA778400001B00 /* 3Woman33.mp3 */ = {isa = PBXFileReference; lastKnownFileType = audio.mp3; path = 3Woman33.mp3; sourceTree = "<group>"; };
		7D3A31E21CCA778400001B00 /* 4Woman12.mp3 */ = {isa = PBXFileReference; lastKnownFileType = audio.mp3; path = 4Woman12.mp3; sourceTree = "<group>"; };
		7D3A31E31CCA778400001B00 /* 4Woman13.mp3 */ = {isa = PBXFileReference; lastKnownFileType = audio.mp3; path = 4Woman13.mp3; sourceTree = "<group>"; };
		7D3A31E41CCA778400001B00 /* 4Woman21.mp3 */ = {isa = PBXFileReference; lastKnownFileType = audio.mp3; path = 4Woman21.mp3; sourceTree = "<group>"; };
		7D3A31E51CCA778400001B00 /* 4Woman22.mp3 */ = {isa = PBXFileReference; lastKnownFileType = audio.mp3; path = 4Woman22.mp3; sourceTree = "<group>"; };
		7D3A31E61CCA778400001B00 /* 4Woman23.mp3 */ = {isa = PBXFileReference; lastKnownFileType = audio.mp3; path = 4Woman23.mp3; sourceTree = "<group>"; };
		7D3A31E71CCA778400001B00 /* 4Woman31.mp3 */ = {isa = PBXFileReference; lastKnownFileType = audio.mp3; path = 4Woman31.mp3; sourceTree = "<group>"; };
		7D3A31E81CCA778400001B00 /* 4Woman32.mp3 */ = {isa = PBXFileReference; lastKnownFileType = audio.mp3; path = 4Woman32.mp3; sourceTree = "<group>"; };
		7D3A31E91CCA778400001B00 /* 4Woman33.mp3 */ = {isa = PBXFileReference; lastKnownFileType = audio.mp3; path = 4Woman33.mp3; sourceTree = "<group>"; };
		7D47E3991CD29668008C890A /* TwilioVerifyCode.swift */ = {isa = PBXFileReference; fileEncoding = 4; lastKnownFileType = sourcecode.swift; path = TwilioVerifyCode.swift; sourceTree = "<group>"; };
		7D5BAF121CB5CED200D5D373 /* Stride.app */ = {isa = PBXFileReference; explicitFileType = wrapper.application; includeInIndex = 0; path = Stride.app; sourceTree = BUILT_PRODUCTS_DIR; };
		7D5BAF151CB5CED200D5D373 /* AppDelegate.swift */ = {isa = PBXFileReference; lastKnownFileType = sourcecode.swift; path = AppDelegate.swift; sourceTree = "<group>"; };
		7D5BAF1A1CB5CED200D5D373 /* Base */ = {isa = PBXFileReference; lastKnownFileType = file.storyboard; name = Base; path = Base.lproj/Main.storyboard; sourceTree = "<group>"; };
		7D5BAF1C1CB5CED200D5D373 /* Assets.xcassets */ = {isa = PBXFileReference; lastKnownFileType = folder.assetcatalog; path = Assets.xcassets; sourceTree = "<group>"; };
		7D5BAF211CB5CED200D5D373 /* Info.plist */ = {isa = PBXFileReference; lastKnownFileType = text.plist.xml; path = Info.plist; sourceTree = "<group>"; };
		7D5BAF261CB5CED200D5D373 /* StrideTests.xctest */ = {isa = PBXFileReference; explicitFileType = wrapper.cfbundle; includeInIndex = 0; path = StrideTests.xctest; sourceTree = BUILT_PRODUCTS_DIR; };
		7D5BAF2A1CB5CED200D5D373 /* StrideTests.swift */ = {isa = PBXFileReference; lastKnownFileType = sourcecode.swift; path = StrideTests.swift; sourceTree = "<group>"; };
		7D5BAF2C1CB5CED200D5D373 /* Info.plist */ = {isa = PBXFileReference; lastKnownFileType = text.plist.xml; path = Info.plist; sourceTree = "<group>"; };
		7D5BAF311CB5CED200D5D373 /* StrideUITests.xctest */ = {isa = PBXFileReference; explicitFileType = wrapper.cfbundle; includeInIndex = 0; path = StrideUITests.xctest; sourceTree = BUILT_PRODUCTS_DIR; };
		7D5BAF351CB5CED200D5D373 /* StrideUITests.swift */ = {isa = PBXFileReference; lastKnownFileType = sourcecode.swift; path = StrideUITests.swift; sourceTree = "<group>"; };
		7D5BAF371CB5CED200D5D373 /* Info.plist */ = {isa = PBXFileReference; lastKnownFileType = text.plist.xml; path = Info.plist; sourceTree = "<group>"; };
		7D6AE1CD1CCD780F00EE97E4 /* 1Man11.mp3 */ = {isa = PBXFileReference; lastKnownFileType = audio.mp3; path = 1Man11.mp3; sourceTree = "<group>"; };
		7D6AE1CE1CCD780F00EE97E4 /* 1Man12.mp3 */ = {isa = PBXFileReference; lastKnownFileType = audio.mp3; path = 1Man12.mp3; sourceTree = "<group>"; };
		7D6AE1CF1CCD780F00EE97E4 /* 1Man13.mp3 */ = {isa = PBXFileReference; lastKnownFileType = audio.mp3; path = 1Man13.mp3; sourceTree = "<group>"; };
		7D6AE1D01CCD780F00EE97E4 /* 1Man21.mp3 */ = {isa = PBXFileReference; lastKnownFileType = audio.mp3; path = 1Man21.mp3; sourceTree = "<group>"; };
		7D6AE1D11CCD780F00EE97E4 /* 1Man22.mp3 */ = {isa = PBXFileReference; lastKnownFileType = audio.mp3; path = 1Man22.mp3; sourceTree = "<group>"; };
		7D6AE1D21CCD780F00EE97E4 /* 1Man23.mp3 */ = {isa = PBXFileReference; lastKnownFileType = audio.mp3; path = 1Man23.mp3; sourceTree = "<group>"; };
		7D6AE1D31CCD780F00EE97E4 /* 1Man31.mp3 */ = {isa = PBXFileReference; lastKnownFileType = audio.mp3; path = 1Man31.mp3; sourceTree = "<group>"; };
		7D6AE1D41CCD780F00EE97E4 /* 1Man32.mp3 */ = {isa = PBXFileReference; lastKnownFileType = audio.mp3; path = 1Man32.mp3; sourceTree = "<group>"; };
		7D6AE1D51CCD780F00EE97E4 /* 1Man33.mp3 */ = {isa = PBXFileReference; lastKnownFileType = audio.mp3; path = 1Man33.mp3; sourceTree = "<group>"; };
		7D6AE1D61CCD780F00EE97E4 /* 2Man11.mp3 */ = {isa = PBXFileReference; lastKnownFileType = audio.mp3; path = 2Man11.mp3; sourceTree = "<group>"; };
		7D6AE1D71CCD780F00EE97E4 /* 2Man12.mp3 */ = {isa = PBXFileReference; lastKnownFileType = audio.mp3; path = 2Man12.mp3; sourceTree = "<group>"; };
		7D6AE1D81CCD780F00EE97E4 /* 2Man13.mp3 */ = {isa = PBXFileReference; lastKnownFileType = audio.mp3; path = 2Man13.mp3; sourceTree = "<group>"; };
		7D6AE1D91CCD780F00EE97E4 /* 2Man21.mp3 */ = {isa = PBXFileReference; lastKnownFileType = audio.mp3; path = 2Man21.mp3; sourceTree = "<group>"; };
		7D6AE1DA1CCD780F00EE97E4 /* 2Man22.mp3 */ = {isa = PBXFileReference; lastKnownFileType = audio.mp3; path = 2Man22.mp3; sourceTree = "<group>"; };
		7D6AE1DB1CCD780F00EE97E4 /* 2Man23.mp3 */ = {isa = PBXFileReference; lastKnownFileType = audio.mp3; path = 2Man23.mp3; sourceTree = "<group>"; };
		7D6AE1DC1CCD780F00EE97E4 /* 2Man31.mp3 */ = {isa = PBXFileReference; lastKnownFileType = audio.mp3; path = 2Man31.mp3; sourceTree = "<group>"; };
		7D6AE1DD1CCD780F00EE97E4 /* 2Man32.mp3 */ = {isa = PBXFileReference; lastKnownFileType = audio.mp3; path = 2Man32.mp3; sourceTree = "<group>"; };
		7D6AE1DE1CCD780F00EE97E4 /* 2Man33.mp3 */ = {isa = PBXFileReference; lastKnownFileType = audio.mp3; path = 2Man33.mp3; sourceTree = "<group>"; };
		7D6AE1DF1CCD780F00EE97E4 /* 3Man11.mp3 */ = {isa = PBXFileReference; lastKnownFileType = audio.mp3; path = 3Man11.mp3; sourceTree = "<group>"; };
		7D6AE1E01CCD780F00EE97E4 /* 3Man12.mp3 */ = {isa = PBXFileReference; lastKnownFileType = audio.mp3; path = 3Man12.mp3; sourceTree = "<group>"; };
		7D6AE1E11CCD780F00EE97E4 /* 3Man13.mp3 */ = {isa = PBXFileReference; lastKnownFileType = audio.mp3; path = 3Man13.mp3; sourceTree = "<group>"; };
		7D6AE1E21CCD780F00EE97E4 /* 3Man21.mp3 */ = {isa = PBXFileReference; lastKnownFileType = audio.mp3; path = 3Man21.mp3; sourceTree = "<group>"; };
		7D6AE1E41CCD780F00EE97E4 /* 3Man23.mp3 */ = {isa = PBXFileReference; lastKnownFileType = audio.mp3; path = 3Man23.mp3; sourceTree = "<group>"; };
		7D6AE1E51CCD780F00EE97E4 /* 3Man31.mp3 */ = {isa = PBXFileReference; lastKnownFileType = audio.mp3; path = 3Man31.mp3; sourceTree = "<group>"; };
		7D6AE1E61CCD780F00EE97E4 /* 3Man32.mp3 */ = {isa = PBXFileReference; lastKnownFileType = audio.mp3; path = 3Man32.mp3; sourceTree = "<group>"; };
		7D6AE1E71CCD780F00EE97E4 /* 3Man33.mp3 */ = {isa = PBXFileReference; lastKnownFileType = audio.mp3; path = 3Man33.mp3; sourceTree = "<group>"; };
		7D6AE1E81CCD780F00EE97E4 /* 4Man11.mp3 */ = {isa = PBXFileReference; lastKnownFileType = audio.mp3; path = 4Man11.mp3; sourceTree = "<group>"; };
		7D6AE1E91CCD780F00EE97E4 /* 4Man12.mp3 */ = {isa = PBXFileReference; lastKnownFileType = audio.mp3; path = 4Man12.mp3; sourceTree = "<group>"; };
		7D6AE1EA1CCD780F00EE97E4 /* 4Man13.mp3 */ = {isa = PBXFileReference; lastKnownFileType = audio.mp3; path = 4Man13.mp3; sourceTree = "<group>"; };
		7D6AE1EB1CCD780F00EE97E4 /* 4Man21.mp3 */ = {isa = PBXFileReference; lastKnownFileType = audio.mp3; path = 4Man21.mp3; sourceTree = "<group>"; };
		7D6AE1EC1CCD780F00EE97E4 /* 4Man22.mp3 */ = {isa = PBXFileReference; lastKnownFileType = audio.mp3; path = 4Man22.mp3; sourceTree = "<group>"; };
		7D6AE1ED1CCD780F00EE97E4 /* 4Man23.mp3 */ = {isa = PBXFileReference; lastKnownFileType = audio.mp3; path = 4Man23.mp3; sourceTree = "<group>"; };
		7D6AE1EE1CCD780F00EE97E4 /* 4Man31.mp3 */ = {isa = PBXFileReference; lastKnownFileType = audio.mp3; path = 4Man31.mp3; sourceTree = "<group>"; };
		7D6AE1EF1CCD780F00EE97E4 /* 4Man32.mp3 */ = {isa = PBXFileReference; lastKnownFileType = audio.mp3; path = 4Man32.mp3; sourceTree = "<group>"; };
		7D6AE1F01CCD780F00EE97E4 /* 4Man33.mp3 */ = {isa = PBXFileReference; lastKnownFileType = audio.mp3; path = 4Man33.mp3; sourceTree = "<group>"; };
		7D6AE2151CCD789A00EE97E4 /* 3Man22.mp3 */ = {isa = PBXFileReference; lastKnownFileType = audio.mp3; path = 3Man22.mp3; sourceTree = "<group>"; };
		7D6AE2171CCDA43000EE97E4 /* StatisticsViewController.swift */ = {isa = PBXFileReference; fileEncoding = 4; lastKnownFileType = sourcecode.swift; path = StatisticsViewController.swift; sourceTree = "<group>"; };
		7D770C601CCC7FDD003B6C9E /* BridgingHeader.h */ = {isa = PBXFileReference; lastKnownFileType = sourcecode.c.h; path = BridgingHeader.h; sourceTree = "<group>"; };
		7D84D7A81CBD542500392A1F /* StrideCalculatorViewController.swift */ = {isa = PBXFileReference; fileEncoding = 4; lastKnownFileType = sourcecode.swift; path = StrideCalculatorViewController.swift; sourceTree = "<group>"; };
		7D84D7AB1CBD545800392A1F /* NewRunViewController.swift */ = {isa = PBXFileReference; fileEncoding = 4; lastKnownFileType = sourcecode.swift; path = NewRunViewController.swift; sourceTree = "<group>"; };
		7D84D7AD1CBD546C00392A1F /* PastRunsViewController.swift */ = {isa = PBXFileReference; fileEncoding = 4; lastKnownFileType = sourcecode.swift; path = PastRunsViewController.swift; sourceTree = "<group>"; };
		7D84D7AF1CBD548D00392A1F /* PastRunDetailViewController.swift */ = {isa = PBXFileReference; fileEncoding = 4; lastKnownFileType = sourcecode.swift; path = PastRunDetailViewController.swift; sourceTree = "<group>"; };
		7D84D7B11CBD561200392A1F /* HomeViewController.swift */ = {isa = PBXFileReference; fileEncoding = 4; lastKnownFileType = sourcecode.swift; path = HomeViewController.swift; sourceTree = "<group>"; };
		7D84D7BC1CBEF07600392A1F /* MapKit.framework */ = {isa = PBXFileReference; lastKnownFileType = wrapper.framework; name = MapKit.framework; path = System/Library/Frameworks/MapKit.framework; sourceTree = SDKROOT; };
		7D84D7BE1CBEF30F00392A1F /* RunnerSettings.swift */ = {isa = PBXFileReference; fileEncoding = 4; lastKnownFileType = sourcecode.swift; path = RunnerSettings.swift; sourceTree = "<group>"; };
		7D84D7C21CC6B39300392A1F /* SetPaceViewController.swift */ = {isa = PBXFileReference; fileEncoding = 4; lastKnownFileType = sourcecode.swift; path = SetPaceViewController.swift; sourceTree = "<group>"; };
		7DAD30851CC7218C00494EB9 /* SettingsMainViewController.swift */ = {isa = PBXFileReference; fileEncoding = 4; lastKnownFileType = sourcecode.swift; path = SettingsMainViewController.swift; sourceTree = "<group>"; };
		7DAD30871CC7230400494EB9 /* StrideCalcInitViewController.swift */ = {isa = PBXFileReference; fileEncoding = 4; lastKnownFileType = sourcecode.swift; path = StrideCalcInitViewController.swift; sourceTree = "<group>"; };
		7DAD30891CC7BD8200494EB9 /* PastRunsTableViewCell.swift */ = {isa = PBXFileReference; fileEncoding = 4; lastKnownFileType = sourcecode.swift; path = PastRunsTableViewCell.swift; sourceTree = "<group>"; };
		7DAD308C1CC7DCFB00494EB9 /* InformationViewController.swift */ = {isa = PBXFileReference; fileEncoding = 4; lastKnownFileType = sourcecode.swift; path = InformationViewController.swift; sourceTree = "<group>"; };
		7DAD30931CC7EF5400494EB9 /* StrideCoachSettingsViewController.swift */ = {isa = PBXFileReference; fileEncoding = 4; lastKnownFileType = sourcecode.swift; path = StrideCoachSettingsViewController.swift; sourceTree = "<group>"; };
		7DAD309B1CC7F7DB00494EB9 /* StrideCoachSettings.swift */ = {isa = PBXFileReference; fileEncoding = 4; lastKnownFileType = sourcecode.swift; path = StrideCoachSettings.swift; sourceTree = "<group>"; };
		7DD3EE821CCB0590009F7B13 /* 1Woman13.mp3 */ = {isa = PBXFileReference; lastKnownFileType = audio.mp3; path = 1Woman13.mp3; sourceTree = "<group>"; };
		7DD58DB91CD028B300917788 /* Runs.swift */ = {isa = PBXFileReference; fileEncoding = 4; lastKnownFileType = sourcecode.swift; path = Runs.swift; sourceTree = "<group>"; };
		7DD58DBB1CD03E5300917788 /* User.swift */ = {isa = PBXFileReference; fileEncoding = 4; lastKnownFileType = sourcecode.swift; path = User.swift; sourceTree = "<group>"; };
		7DF23BE41CD2689F00E482D3 /* TwilioConstants.swift */ = {isa = PBXFileReference; fileEncoding = 4; lastKnownFileType = sourcecode.swift; path = TwilioConstants.swift; sourceTree = "<group>"; };
		7DF23BE61CD26B1800E482D3 /* TwilioClient.swift */ = {isa = PBXFileReference; fileEncoding = 4; lastKnownFileType = sourcecode.swift; path = TwilioClient.swift; sourceTree = "<group>"; };
		7DF23BE91CD27F9300E482D3 /* TwilioSendMessage.swift */ = {isa = PBXFileReference; fileEncoding = 4; lastKnownFileType = sourcecode.swift; path = TwilioSendMessage.swift; sourceTree = "<group>"; };
		7E100D5FD8BEA36739CAA7D4 /* Pods.debug.xcconfig */ = {isa = PBXFileReference; includeInIndex = 1; lastKnownFileType = text.xcconfig; name = Pods.debug.xcconfig; path = "Pods/Target Support Files/Pods/Pods.debug.xcconfig"; sourceTree = "<group>"; };
/* End PBXFileReference section */

/* Begin PBXFrameworksBuildPhase section */
		7D5BAF0F1CB5CED200D5D373 /* Frameworks */ = {
			isa = PBXFrameworksBuildPhase;
			buildActionMask = 2147483647;
			files = (
				7D84D7BD1CBEF07600392A1F /* MapKit.framework in Frameworks */,
				E14EAAA5BF72B519FB3FA368 /* Pods.framework in Frameworks */,
			);
			runOnlyForDeploymentPostprocessing = 0;
		};
		7D5BAF231CB5CED200D5D373 /* Frameworks */ = {
			isa = PBXFrameworksBuildPhase;
			buildActionMask = 2147483647;
			files = (
			);
			runOnlyForDeploymentPostprocessing = 0;
		};
		7D5BAF2E1CB5CED200D5D373 /* Frameworks */ = {
			isa = PBXFrameworksBuildPhase;
			buildActionMask = 2147483647;
			files = (
			);
			runOnlyForDeploymentPostprocessing = 0;
		};
/* End PBXFrameworksBuildPhase section */

/* Begin PBXGroup section */
		7D3A31C71CCA776C00001B00 /* FemaleAudio */ = {
			isa = PBXGroup;
			children = (
				7D3A31C81CCA778400001B00 /* 1Woman11.mp3 */,
				7D3A31C91CCA778400001B00 /* 1Woman12.mp3 */,
				7DD3EE821CCB0590009F7B13 /* 1Woman13.mp3 */,
				7D3A31CA1CCA778400001B00 /* 1Woman21.mp3 */,
				7D3A31CB1CCA778400001B00 /* 1Woman22.mp3 */,
				7D3A31CC1CCA778400001B00 /* 1Woman23.mp3 */,
				7D3A31CD1CCA778400001B00 /* 1Woman31.mp3 */,
				7D3A31CE1CCA778400001B00 /* 1Woman32.mp3 */,
				7D3A31CF1CCA778400001B00 /* 1Woman33.mp3 */,
				7D3A31D01CCA778400001B00 /* 2Woman11.mp3 */,
				7D3A31D11CCA778400001B00 /* 2Woman12.mp3 */,
				7D3A31D21CCA778400001B00 /* 2Woman13.mp3 */,
				7D3A31D31CCA778400001B00 /* 2Woman21.mp3 */,
				7D3A31D41CCA778400001B00 /* 2Woman22.mp3 */,
				7D3A31D51CCA778400001B00 /* 2Woman23.mp3 */,
				7D3A31D61CCA778400001B00 /* 2Woman31.mp3 */,
				7D3A31D71CCA778400001B00 /* 2Woman32.mp3 */,
				7D3A31D81CCA778400001B00 /* 2Woman33.mp3 */,
				7D3A31D91CCA778400001B00 /* 3Woman11.mp3 */,
				7D3A31DA1CCA778400001B00 /* 3Woman12.mp3 */,
				7D3A31DB1CCA778400001B00 /* 3Woman13.mp3 */,
				7D3A31DC1CCA778400001B00 /* 3Woman21.mp3 */,
				7D3A31DD1CCA778400001B00 /* 3Woman22.mp3 */,
				7D3A31DE1CCA778400001B00 /* 3Woman23.mp3 */,
				7D3A31DF1CCA778400001B00 /* 3Woman31.mp3 */,
				7D3A31E01CCA778400001B00 /* 3Woman32.mp3 */,
				7D3A31E11CCA778400001B00 /* 3Woman33.mp3 */,
				7D3A31E21CCA778400001B00 /* 4Woman12.mp3 */,
				7D3A31E31CCA778400001B00 /* 4Woman13.mp3 */,
				7D3A31E41CCA778400001B00 /* 4Woman21.mp3 */,
				7D3A31E51CCA778400001B00 /* 4Woman22.mp3 */,
				7D3A31E61CCA778400001B00 /* 4Woman23.mp3 */,
				7D3A31E71CCA778400001B00 /* 4Woman31.mp3 */,
				7D3A31E81CCA778400001B00 /* 4Woman32.mp3 */,
				7D3A31E91CCA778400001B00 /* 4Woman33.mp3 */,
			);
			name = FemaleAudio;
			sourceTree = "<group>";
		};
		7D5BAF091CB5CED200D5D373 = {
			isa = PBXGroup;
			children = (
				7D5BAF141CB5CED200D5D373 /* Stride */,
				7D5BAF291CB5CED200D5D373 /* StrideTests */,
				7D5BAF341CB5CED200D5D373 /* StrideUITests */,
				7D5BAF131CB5CED200D5D373 /* Products */,
				7D84D7BC1CBEF07600392A1F /* MapKit.framework */,
				92869CBF4D002221A7595B4E /* Frameworks */,
				D65BF3B823CF790C9B7E25D2 /* Pods */,
			);
			sourceTree = "<group>";
		};
		7D5BAF131CB5CED200D5D373 /* Products */ = {
			isa = PBXGroup;
			children = (
				7D5BAF121CB5CED200D5D373 /* Stride.app */,
				7D5BAF261CB5CED200D5D373 /* StrideTests.xctest */,
				7D5BAF311CB5CED200D5D373 /* StrideUITests.xctest */,
			);
			name = Products;
			sourceTree = "<group>";
		};
		7D5BAF141CB5CED200D5D373 /* Stride */ = {
			isa = PBXGroup;
			children = (
				7D5BAF151CB5CED200D5D373 /* AppDelegate.swift */,
				7DAD30811CC6D42400494EB9 /* View */,
				7D84D7B51CBEE9ED00392A1F /* Model */,
				7D84D7AA1CBD543000392A1F /* Controller */,
				7D5BAF1C1CB5CED200D5D373 /* Assets.xcassets */,
				7D5BAF211CB5CED200D5D373 /* Info.plist */,
				7D6AE1CC1CCD778900EE97E4 /* MenAudio */,
				7D3A31C71CCA776C00001B00 /* FemaleAudio */,
				7D770C601CCC7FDD003B6C9E /* BridgingHeader.h */,
			);
			path = Stride;
			sourceTree = "<group>";
		};
		7D5BAF291CB5CED200D5D373 /* StrideTests */ = {
			isa = PBXGroup;
			children = (
				7D5BAF2A1CB5CED200D5D373 /* StrideTests.swift */,
				7D5BAF2C1CB5CED200D5D373 /* Info.plist */,
			);
			path = StrideTests;
			sourceTree = "<group>";
		};
		7D5BAF341CB5CED200D5D373 /* StrideUITests */ = {
			isa = PBXGroup;
			children = (
				7D5BAF351CB5CED200D5D373 /* StrideUITests.swift */,
				7D5BAF371CB5CED200D5D373 /* Info.plist */,
			);
			path = StrideUITests;
			sourceTree = "<group>";
		};
		7D6AE1CC1CCD778900EE97E4 /* MenAudio */ = {
			isa = PBXGroup;
			children = (
				7D6AE1CD1CCD780F00EE97E4 /* 1Man11.mp3 */,
				7D6AE1CE1CCD780F00EE97E4 /* 1Man12.mp3 */,
				7D6AE1CF1CCD780F00EE97E4 /* 1Man13.mp3 */,
				7D6AE1D01CCD780F00EE97E4 /* 1Man21.mp3 */,
				7D6AE1D11CCD780F00EE97E4 /* 1Man22.mp3 */,
				7D6AE1D21CCD780F00EE97E4 /* 1Man23.mp3 */,
				7D6AE1D31CCD780F00EE97E4 /* 1Man31.mp3 */,
				7D6AE1D41CCD780F00EE97E4 /* 1Man32.mp3 */,
				7D6AE1D51CCD780F00EE97E4 /* 1Man33.mp3 */,
				7D6AE1D61CCD780F00EE97E4 /* 2Man11.mp3 */,
				7D6AE1D71CCD780F00EE97E4 /* 2Man12.mp3 */,
				7D6AE1D81CCD780F00EE97E4 /* 2Man13.mp3 */,
				7D6AE1D91CCD780F00EE97E4 /* 2Man21.mp3 */,
				7D6AE1DA1CCD780F00EE97E4 /* 2Man22.mp3 */,
				7D6AE1DB1CCD780F00EE97E4 /* 2Man23.mp3 */,
				7D6AE1DC1CCD780F00EE97E4 /* 2Man31.mp3 */,
				7D6AE1DD1CCD780F00EE97E4 /* 2Man32.mp3 */,
				7D6AE1DE1CCD780F00EE97E4 /* 2Man33.mp3 */,
				7D6AE1DF1CCD780F00EE97E4 /* 3Man11.mp3 */,
				7D6AE1E01CCD780F00EE97E4 /* 3Man12.mp3 */,
				7D6AE1E11CCD780F00EE97E4 /* 3Man13.mp3 */,
				7D6AE1E21CCD780F00EE97E4 /* 3Man21.mp3 */,
				7D6AE2151CCD789A00EE97E4 /* 3Man22.mp3 */,
				7D6AE1E41CCD780F00EE97E4 /* 3Man23.mp3 */,
				7D6AE1E51CCD780F00EE97E4 /* 3Man31.mp3 */,
				7D6AE1E61CCD780F00EE97E4 /* 3Man32.mp3 */,
				7D6AE1E71CCD780F00EE97E4 /* 3Man33.mp3 */,
				7D6AE1E81CCD780F00EE97E4 /* 4Man11.mp3 */,
				7D6AE1E91CCD780F00EE97E4 /* 4Man12.mp3 */,
				7D6AE1EA1CCD780F00EE97E4 /* 4Man13.mp3 */,
				7D6AE1EB1CCD780F00EE97E4 /* 4Man21.mp3 */,
				7D6AE1EC1CCD780F00EE97E4 /* 4Man22.mp3 */,
				7D6AE1ED1CCD780F00EE97E4 /* 4Man23.mp3 */,
				7D6AE1EE1CCD780F00EE97E4 /* 4Man31.mp3 */,
				7D6AE1EF1CCD780F00EE97E4 /* 4Man32.mp3 */,
				7D6AE1F01CCD780F00EE97E4 /* 4Man33.mp3 */,
			);
			name = MenAudio;
			sourceTree = "<group>";
		};
		7D84D7AA1CBD543000392A1F /* Controller */ = {
			isa = PBXGroup;
			children = (
				7DF23BE81CD27F7900E482D3 /* Twilio */,
				7DAD308E1CC7ED0100494EB9 /* Statistics */,
				7DAD308B1CC7DCDE00494EB9 /* Information */,
				7DAD30841CC7049500494EB9 /* Runs */,
				7DAD30831CC7047D00494EB9 /* Home */,
				7DAD30821CC7046300494EB9 /* Settings */,
			);
			name = Controller;
			sourceTree = "<group>";
		};
		7D84D7B51CBEE9ED00392A1F /* Model */ = {
			isa = PBXGroup;
			children = (
				7DD58DB91CD028B300917788 /* Runs.swift */,
				7D84D7BE1CBEF30F00392A1F /* RunnerSettings.swift */,
				7DAD309B1CC7F7DB00494EB9 /* StrideCoachSettings.swift */,
				7DD58DBB1CD03E5300917788 /* User.swift */,
				7DF23BE41CD2689F00E482D3 /* TwilioConstants.swift */,
				7DF23BE61CD26B1800E482D3 /* TwilioClient.swift */,
			);
			name = Model;
			sourceTree = "<group>";
		};
		7DAD30811CC6D42400494EB9 /* View */ = {
			isa = PBXGroup;
			children = (
				7D5BAF191CB5CED200D5D373 /* Main.storyboard */,
			);
			name = View;
			sourceTree = "<group>";
		};
		7DAD30821CC7046300494EB9 /* Settings */ = {
			isa = PBXGroup;
			children = (
				7DAD30951CC7F0F800494EB9 /* Calculator */,
				7DAD30961CC7F10300494EB9 /* StrideCoach */,
			);
			name = Settings;
			sourceTree = "<group>";
		};
		7DAD30831CC7047D00494EB9 /* Home */ = {
			isa = PBXGroup;
			children = (
				7D84D7B11CBD561200392A1F /* HomeViewController.swift */,
			);
			name = Home;
			sourceTree = "<group>";
		};
		7DAD30841CC7049500494EB9 /* Runs */ = {
			isa = PBXGroup;
			children = (
				7D84D7AB1CBD545800392A1F /* NewRunViewController.swift */,
				7D84D7AD1CBD546C00392A1F /* PastRunsViewController.swift */,
				7D84D7AF1CBD548D00392A1F /* PastRunDetailViewController.swift */,
				7DAD30891CC7BD8200494EB9 /* PastRunsTableViewCell.swift */,
			);
			name = Runs;
			sourceTree = "<group>";
		};
		7DAD308B1CC7DCDE00494EB9 /* Information */ = {
			isa = PBXGroup;
			children = (
				7DAD308C1CC7DCFB00494EB9 /* InformationViewController.swift */,
			);
			name = Information;
			sourceTree = "<group>";
		};
		7DAD308E1CC7ED0100494EB9 /* Statistics */ = {
			isa = PBXGroup;
			children = (
				7D6AE2171CCDA43000EE97E4 /* StatisticsViewController.swift */,
			);
			name = Statistics;
			sourceTree = "<group>";
		};
		7DAD30951CC7F0F800494EB9 /* Calculator */ = {
			isa = PBXGroup;
			children = (
				7D84D7A81CBD542500392A1F /* StrideCalculatorViewController.swift */,
				7D84D7C21CC6B39300392A1F /* SetPaceViewController.swift */,
				7DAD30851CC7218C00494EB9 /* SettingsMainViewController.swift */,
				7DAD30871CC7230400494EB9 /* StrideCalcInitViewController.swift */,
			);
			name = Calculator;
			sourceTree = "<group>";
		};
		7DAD30961CC7F10300494EB9 /* StrideCoach */ = {
			isa = PBXGroup;
			children = (
				7DAD30931CC7EF5400494EB9 /* StrideCoachSettingsViewController.swift */,
			);
			name = StrideCoach;
			sourceTree = "<group>";
		};
		7DF23BE81CD27F7900E482D3 /* Twilio */ = {
			isa = PBXGroup;
			children = (
				7DF23BE91CD27F9300E482D3 /* TwilioSendMessage.swift */,
				7D47E3991CD29668008C890A /* TwilioVerifyCode.swift */,
			);
			name = Twilio;
			sourceTree = "<group>";
		};
		92869CBF4D002221A7595B4E /* Frameworks */ = {
			isa = PBXGroup;
			children = (
				7CB47491F37EB42CF4484E55 /* Pods.framework */,
			);
			name = Frameworks;
			sourceTree = "<group>";
		};
		D65BF3B823CF790C9B7E25D2 /* Pods */ = {
			isa = PBXGroup;
			children = (
				7E100D5FD8BEA36739CAA7D4 /* Pods.debug.xcconfig */,
				609A0676259DB46556E9BE3E /* Pods.release.xcconfig */,
			);
			name = Pods;
			sourceTree = "<group>";
		};
/* End PBXGroup section */

/* Begin PBXNativeTarget section */
		7D5BAF111CB5CED200D5D373 /* Stride */ = {
			isa = PBXNativeTarget;
			buildConfigurationList = 7D5BAF3A1CB5CED200D5D373 /* Build configuration list for PBXNativeTarget "Stride" */;
			buildPhases = (
				1EF16D46093762190E45B4B2 /* Check Pods Manifest.lock */,
				7D5BAF0E1CB5CED200D5D373 /* Sources */,
				7D5BAF0F1CB5CED200D5D373 /* Frameworks */,
				7D5BAF101CB5CED200D5D373 /* Resources */,
				826FF00695EADCE4C86BCEE2 /* Embed Pods Frameworks */,
				8E42B94670B864B793449542 /* Copy Pods Resources */,
				7D6AE2191CCDA59E00EE97E4 /* ShellScript */,
			);
			buildRules = (
			);
			dependencies = (
			);
			name = Stride;
			productName = Stride;
			productReference = 7D5BAF121CB5CED200D5D373 /* Stride.app */;
			productType = "com.apple.product-type.application";
		};
		7D5BAF251CB5CED200D5D373 /* StrideTests */ = {
			isa = PBXNativeTarget;
			buildConfigurationList = 7D5BAF3D1CB5CED200D5D373 /* Build configuration list for PBXNativeTarget "StrideTests" */;
			buildPhases = (
				7D5BAF221CB5CED200D5D373 /* Sources */,
				7D5BAF231CB5CED200D5D373 /* Frameworks */,
				7D5BAF241CB5CED200D5D373 /* Resources */,
			);
			buildRules = (
			);
			dependencies = (
				7D5BAF281CB5CED200D5D373 /* PBXTargetDependency */,
			);
			name = StrideTests;
			productName = StrideTests;
			productReference = 7D5BAF261CB5CED200D5D373 /* StrideTests.xctest */;
			productType = "com.apple.product-type.bundle.unit-test";
		};
		7D5BAF301CB5CED200D5D373 /* StrideUITests */ = {
			isa = PBXNativeTarget;
			buildConfigurationList = 7D5BAF401CB5CED200D5D373 /* Build configuration list for PBXNativeTarget "StrideUITests" */;
			buildPhases = (
				7D5BAF2D1CB5CED200D5D373 /* Sources */,
				7D5BAF2E1CB5CED200D5D373 /* Frameworks */,
				7D5BAF2F1CB5CED200D5D373 /* Resources */,
			);
			buildRules = (
			);
			dependencies = (
				7D5BAF331CB5CED200D5D373 /* PBXTargetDependency */,
			);
			name = StrideUITests;
			productName = StrideUITests;
			productReference = 7D5BAF311CB5CED200D5D373 /* StrideUITests.xctest */;
			productType = "com.apple.product-type.bundle.ui-testing";
		};
/* End PBXNativeTarget section */

/* Begin PBXProject section */
		7D5BAF0A1CB5CED200D5D373 /* Project object */ = {
			isa = PBXProject;
			attributes = {
				LastSwiftUpdateCheck = 0720;
				LastUpgradeCheck = 0720;
				ORGANIZATIONNAME = "Nathaniel PiSierra";
				TargetAttributes = {
					7D5BAF111CB5CED200D5D373 = {
						CreatedOnToolsVersion = 7.2.1;
						DevelopmentTeam = 9258A8T4HT;
						SystemCapabilities = {
							com.apple.BackgroundModes = {
								enabled = 1;
							};
						};
					};
					7D5BAF251CB5CED200D5D373 = {
						CreatedOnToolsVersion = 7.2.1;
						DevelopmentTeam = 9258A8T4HT;
						TestTargetID = 7D5BAF111CB5CED200D5D373;
					};
					7D5BAF301CB5CED200D5D373 = {
						CreatedOnToolsVersion = 7.2.1;
						DevelopmentTeam = 9258A8T4HT;
						TestTargetID = 7D5BAF111CB5CED200D5D373;
					};
				};
			};
			buildConfigurationList = 7D5BAF0D1CB5CED200D5D373 /* Build configuration list for PBXProject "Stride" */;
			compatibilityVersion = "Xcode 3.2";
			developmentRegion = English;
			hasScannedForEncodings = 0;
			knownRegions = (
				en,
				Base,
			);
			mainGroup = 7D5BAF091CB5CED200D5D373;
			productRefGroup = 7D5BAF131CB5CED200D5D373 /* Products */;
			projectDirPath = "";
			projectRoot = "";
			targets = (
				7D5BAF111CB5CED200D5D373 /* Stride */,
				7D5BAF251CB5CED200D5D373 /* StrideTests */,
				7D5BAF301CB5CED200D5D373 /* StrideUITests */,
			);
		};
/* End PBXProject section */

/* Begin PBXResourcesBuildPhase section */
		7D5BAF101CB5CED200D5D373 /* Resources */ = {
			isa = PBXResourcesBuildPhase;
			buildActionMask = 2147483647;
			files = (
				7D6AE2061CCD780F00EE97E4 /* 3Man21.mp3 in Resources */,
				7D3A31EB1CCA778400001B00 /* 1Woman12.mp3 in Resources */,
				7D3A31F91CCA778400001B00 /* 2Woman32.mp3 in Resources */,
				7D3A31FE1CCA778400001B00 /* 3Woman21.mp3 in Resources */,
				7D6AE1FF1CCD780F00EE97E4 /* 2Man23.mp3 in Resources */,
				7D3A31FF1CCA778400001B00 /* 3Woman22.mp3 in Resources */,
				7D6AE20E1CCD780F00EE97E4 /* 4Man13.mp3 in Resources */,
				7D3A32071CCA778400001B00 /* 4Woman22.mp3 in Resources */,
				7D6AE1F11CCD780F00EE97E4 /* 1Man11.mp3 in Resources */,
				7D3A31F61CCA778400001B00 /* 2Woman22.mp3 in Resources */,
				7D6AE1F91CCD780F00EE97E4 /* 1Man33.mp3 in Resources */,
				7D3A32011CCA778400001B00 /* 3Woman31.mp3 in Resources */,
				7D6AE2081CCD780F00EE97E4 /* 3Man23.mp3 in Resources */,
				7D6AE2101CCD780F00EE97E4 /* 4Man22.mp3 in Resources */,
				7D6AE1F41CCD780F00EE97E4 /* 1Man21.mp3 in Resources */,
				7D3A32001CCA778400001B00 /* 3Woman23.mp3 in Resources */,
				7D3A31F51CCA778400001B00 /* 2Woman21.mp3 in Resources */,
				7D6AE20D1CCD780F00EE97E4 /* 4Man12.mp3 in Resources */,
				7D3A31F71CCA778400001B00 /* 2Woman23.mp3 in Resources */,
				7D3A32031CCA778400001B00 /* 3Woman33.mp3 in Resources */,
				7D3A31FB1CCA778400001B00 /* 3Woman11.mp3 in Resources */,
				7D6AE1FD1CCD780F00EE97E4 /* 2Man21.mp3 in Resources */,
				7D6AE1F21CCD780F00EE97E4 /* 1Man12.mp3 in Resources */,
				7D3A31F31CCA778400001B00 /* 2Woman12.mp3 in Resources */,
				7D6AE1FA1CCD780F00EE97E4 /* 2Man11.mp3 in Resources */,
				7D6AE2021CCD780F00EE97E4 /* 2Man33.mp3 in Resources */,
				7D3A31FD1CCA778400001B00 /* 3Woman13.mp3 in Resources */,
				7D3A32091CCA778400001B00 /* 4Woman31.mp3 in Resources */,
				7DD3EE831CCB0590009F7B13 /* 1Woman13.mp3 in Resources */,
				7D3A31EF1CCA778400001B00 /* 1Woman31.mp3 in Resources */,
				7D6AE2031CCD780F00EE97E4 /* 3Man11.mp3 in Resources */,
				7D6AE2001CCD780F00EE97E4 /* 2Man31.mp3 in Resources */,
				7D3A31EE1CCA778400001B00 /* 1Woman23.mp3 in Resources */,
				7D3A31F11CCA778400001B00 /* 1Woman33.mp3 in Resources */,
				7D6AE1F61CCD780F00EE97E4 /* 1Man23.mp3 in Resources */,
				7D3A31F81CCA778400001B00 /* 2Woman31.mp3 in Resources */,
				7D3A31F01CCA778400001B00 /* 1Woman32.mp3 in Resources */,
				7D6AE1F71CCD780F00EE97E4 /* 1Man31.mp3 in Resources */,
				7D3A31EA1CCA778400001B00 /* 1Woman11.mp3 in Resources */,
				7D6AE2111CCD780F00EE97E4 /* 4Man23.mp3 in Resources */,
				7D3A31FA1CCA778400001B00 /* 2Woman33.mp3 in Resources */,
				7D6AE1F31CCD780F00EE97E4 /* 1Man13.mp3 in Resources */,
				7D3A320B1CCA778400001B00 /* 4Woman33.mp3 in Resources */,
				7D6AE1FC1CCD780F00EE97E4 /* 2Man13.mp3 in Resources */,
				7D6AE1F81CCD780F00EE97E4 /* 1Man32.mp3 in Resources */,
				7D6AE2051CCD780F00EE97E4 /* 3Man13.mp3 in Resources */,
				7D3A31F41CCA778400001B00 /* 2Woman13.mp3 in Resources */,
				7D6AE2091CCD780F00EE97E4 /* 3Man31.mp3 in Resources */,
				7D6AE1FE1CCD780F00EE97E4 /* 2Man22.mp3 in Resources */,
				7D3A32081CCA778400001B00 /* 4Woman23.mp3 in Resources */,
				7D5BAF1D1CB5CED200D5D373 /* Assets.xcassets in Resources */,
				7D6AE2121CCD780F00EE97E4 /* 4Man31.mp3 in Resources */,
				7D3A31ED1CCA778400001B00 /* 1Woman22.mp3 in Resources */,
				7D6AE2131CCD780F00EE97E4 /* 4Man32.mp3 in Resources */,
				7D6AE2041CCD780F00EE97E4 /* 3Man12.mp3 in Resources */,
				7D6AE20F1CCD780F00EE97E4 /* 4Man21.mp3 in Resources */,
				7D6AE20A1CCD780F00EE97E4 /* 3Man32.mp3 in Resources */,
				7D3A32061CCA778400001B00 /* 4Woman21.mp3 in Resources */,
				7D6AE2011CCD780F00EE97E4 /* 2Man32.mp3 in Resources */,
				7D3A31EC1CCA778400001B00 /* 1Woman21.mp3 in Resources */,
				7D3A32041CCA778400001B00 /* 4Woman12.mp3 in Resources */,
				7D6AE20C1CCD780F00EE97E4 /* 4Man11.mp3 in Resources */,
				7D6AE1F51CCD780F00EE97E4 /* 1Man22.mp3 in Resources */,
				7D6AE1FB1CCD780F00EE97E4 /* 2Man12.mp3 in Resources */,
				7D3A31FC1CCA778400001B00 /* 3Woman12.mp3 in Resources */,
				7D3A32021CCA778400001B00 /* 3Woman32.mp3 in Resources */,
				7D5BAF1B1CB5CED200D5D373 /* Main.storyboard in Resources */,
				7D3A32051CCA778400001B00 /* 4Woman13.mp3 in Resources */,
				7D3A320A1CCA778400001B00 /* 4Woman32.mp3 in Resources */,
				7D6AE2141CCD780F00EE97E4 /* 4Man33.mp3 in Resources */,
				7D6AE20B1CCD780F00EE97E4 /* 3Man33.mp3 in Resources */,
				7D6AE2161CCD789A00EE97E4 /* 3Man22.mp3 in Resources */,
				7D3A31F21CCA778400001B00 /* 2Woman11.mp3 in Resources */,
			);
			runOnlyForDeploymentPostprocessing = 0;
		};
		7D5BAF241CB5CED200D5D373 /* Resources */ = {
			isa = PBXResourcesBuildPhase;
			buildActionMask = 2147483647;
			files = (
			);
			runOnlyForDeploymentPostprocessing = 0;
		};
		7D5BAF2F1CB5CED200D5D373 /* Resources */ = {
			isa = PBXResourcesBuildPhase;
			buildActionMask = 2147483647;
			files = (
			);
			runOnlyForDeploymentPostprocessing = 0;
		};
/* End PBXResourcesBuildPhase section */

/* Begin PBXShellScriptBuildPhase section */
		1EF16D46093762190E45B4B2 /* Check Pods Manifest.lock */ = {
			isa = PBXShellScriptBuildPhase;
			buildActionMask = 2147483647;
			files = (
			);
			inputPaths = (
			);
			name = "Check Pods Manifest.lock";
			outputPaths = (
			);
			runOnlyForDeploymentPostprocessing = 0;
			shellPath = /bin/sh;
			shellScript = "diff \"${PODS_ROOT}/../Podfile.lock\" \"${PODS_ROOT}/Manifest.lock\" > /dev/null\nif [[ $? != 0 ]] ; then\n    cat << EOM\nerror: The sandbox is not in sync with the Podfile.lock. Run 'pod install' or update your CocoaPods installation.\nEOM\n    exit 1\nfi\n";
			showEnvVarsInLog = 0;
		};
		7D6AE2191CCDA59E00EE97E4 /* ShellScript */ = {
			isa = PBXShellScriptBuildPhase;
			buildActionMask = 2147483647;
			files = (
			);
			inputPaths = (
			);
			outputPaths = (
			);
			runOnlyForDeploymentPostprocessing = 0;
			shellPath = /bin/sh;
			shellScript = "\"${PODS_ROOT}/Fabric/run\" bbb0982baebd1bf5759226ab0b9d75eb36470844 a317e87ae93aea57e54c2a7e613b881d9be443523b7ddb2a43979e8a1297632c";
		};
		826FF00695EADCE4C86BCEE2 /* Embed Pods Frameworks */ = {
			isa = PBXShellScriptBuildPhase;
			buildActionMask = 2147483647;
			files = (
			);
			inputPaths = (
			);
			name = "Embed Pods Frameworks";
			outputPaths = (
			);
			runOnlyForDeploymentPostprocessing = 0;
			shellPath = /bin/sh;
			shellScript = "\"${SRCROOT}/Pods/Target Support Files/Pods/Pods-frameworks.sh\"\n";
			showEnvVarsInLog = 0;
		};
		8E42B94670B864B793449542 /* Copy Pods Resources */ = {
			isa = PBXShellScriptBuildPhase;
			buildActionMask = 2147483647;
			files = (
			);
			inputPaths = (
			);
			name = "Copy Pods Resources";
			outputPaths = (
			);
			runOnlyForDeploymentPostprocessing = 0;
			shellPath = /bin/sh;
			shellScript = "\"${SRCROOT}/Pods/Target Support Files/Pods/Pods-resources.sh\"\n";
			showEnvVarsInLog = 0;
		};
/* End PBXShellScriptBuildPhase section */

/* Begin PBXSourcesBuildPhase section */
		7D5BAF0E1CB5CED200D5D373 /* Sources */ = {
			isa = PBXSourcesBuildPhase;
			buildActionMask = 2147483647;
			files = (
				7D84D7AE1CBD546C00392A1F /* PastRunsViewController.swift in Sources */,
				7DAD30881CC7230400494EB9 /* StrideCalcInitViewController.swift in Sources */,
				7D5BAF161CB5CED200D5D373 /* AppDelegate.swift in Sources */,
				7DAD30861CC7218C00494EB9 /* SettingsMainViewController.swift in Sources */,
				7D84D7A91CBD542500392A1F /* StrideCalculatorViewController.swift in Sources */,
				7DF23BEA1CD27F9300E482D3 /* TwilioSendMessage.swift in Sources */,
				7DAD30941CC7EF5400494EB9 /* StrideCoachSettingsViewController.swift in Sources */,
				7DD58DBC1CD03E5300917788 /* User.swift in Sources */,
				7DD58DBA1CD028B300917788 /* Runs.swift in Sources */,
				7D6AE2181CCDA43000EE97E4 /* StatisticsViewController.swift in Sources */,
				7DF23BE51CD2689F00E482D3 /* TwilioConstants.swift in Sources */,
				7D84D7BF1CBEF30F00392A1F /* RunnerSettings.swift in Sources */,
				7DF23BE71CD26B1800E482D3 /* TwilioClient.swift in Sources */,
				7D84D7C31CC6B39300392A1F /* SetPaceViewController.swift in Sources */,
				7D84D7AC1CBD545800392A1F /* NewRunViewController.swift in Sources */,
				7D47E39A1CD29668008C890A /* TwilioVerifyCode.swift in Sources */,
				7D84D7B21CBD561200392A1F /* HomeViewController.swift in Sources */,
				7D84D7B01CBD548D00392A1F /* PastRunDetailViewController.swift in Sources */,
				7DAD308A1CC7BD8200494EB9 /* PastRunsTableViewCell.swift in Sources */,
				7DAD309C1CC7F7DB00494EB9 /* StrideCoachSettings.swift in Sources */,
				7DAD308D1CC7DCFB00494EB9 /* InformationViewController.swift in Sources */,
			);
			runOnlyForDeploymentPostprocessing = 0;
		};
		7D5BAF221CB5CED200D5D373 /* Sources */ = {
			isa = PBXSourcesBuildPhase;
			buildActionMask = 2147483647;
			files = (
				7D5BAF2B1CB5CED200D5D373 /* StrideTests.swift in Sources */,
			);
			runOnlyForDeploymentPostprocessing = 0;
		};
		7D5BAF2D1CB5CED200D5D373 /* Sources */ = {
			isa = PBXSourcesBuildPhase;
			buildActionMask = 2147483647;
			files = (
				7D5BAF361CB5CED200D5D373 /* StrideUITests.swift in Sources */,
			);
			runOnlyForDeploymentPostprocessing = 0;
		};
/* End PBXSourcesBuildPhase section */

/* Begin PBXTargetDependency section */
		7D5BAF281CB5CED200D5D373 /* PBXTargetDependency */ = {
			isa = PBXTargetDependency;
			target = 7D5BAF111CB5CED200D5D373 /* Stride */;
			targetProxy = 7D5BAF271CB5CED200D5D373 /* PBXContainerItemProxy */;
		};
		7D5BAF331CB5CED200D5D373 /* PBXTargetDependency */ = {
			isa = PBXTargetDependency;
			target = 7D5BAF111CB5CED200D5D373 /* Stride */;
			targetProxy = 7D5BAF321CB5CED200D5D373 /* PBXContainerItemProxy */;
		};
/* End PBXTargetDependency section */

/* Begin PBXVariantGroup section */
		7D5BAF191CB5CED200D5D373 /* Main.storyboard */ = {
			isa = PBXVariantGroup;
			children = (
				7D5BAF1A1CB5CED200D5D373 /* Base */,
			);
			name = Main.storyboard;
			sourceTree = "<group>";
		};
/* End PBXVariantGroup section */

/* Begin XCBuildConfiguration section */
		7D5BAF381CB5CED200D5D373 /* Debug */ = {
			isa = XCBuildConfiguration;
			buildSettings = {
				ALWAYS_SEARCH_USER_PATHS = YES;
				CLANG_CXX_LANGUAGE_STANDARD = "gnu++0x";
				CLANG_CXX_LIBRARY = "libc++";
				CLANG_ENABLE_MODULES = YES;
				CLANG_ENABLE_OBJC_ARC = YES;
				CLANG_WARN_BOOL_CONVERSION = YES;
				CLANG_WARN_CONSTANT_CONVERSION = YES;
				CLANG_WARN_DIRECT_OBJC_ISA_USAGE = YES_ERROR;
				CLANG_WARN_EMPTY_BODY = YES;
				CLANG_WARN_ENUM_CONVERSION = YES;
				CLANG_WARN_INT_CONVERSION = YES;
				CLANG_WARN_OBJC_ROOT_CLASS = YES_ERROR;
				CLANG_WARN_UNREACHABLE_CODE = YES;
				CLANG_WARN__DUPLICATE_METHOD_MATCH = YES;
				"CODE_SIGN_IDENTITY[sdk=iphoneos*]" = "iPhone Developer";
				COPY_PHASE_STRIP = NO;
				DEBUG_INFORMATION_FORMAT = dwarf;
				ENABLE_STRICT_OBJC_MSGSEND = YES;
				ENABLE_TESTABILITY = YES;
				GCC_C_LANGUAGE_STANDARD = gnu99;
				GCC_DYNAMIC_NO_PIC = NO;
				GCC_NO_COMMON_BLOCKS = YES;
				GCC_OPTIMIZATION_LEVEL = 0;
				GCC_PREPROCESSOR_DEFINITIONS = (
					"DEBUG=1",
					"$(inherited)",
				);
				GCC_WARN_64_TO_32_BIT_CONVERSION = YES;
				GCC_WARN_ABOUT_RETURN_TYPE = YES_ERROR;
				GCC_WARN_UNDECLARED_SELECTOR = YES;
				GCC_WARN_UNINITIALIZED_AUTOS = YES_AGGRESSIVE;
				GCC_WARN_UNUSED_FUNCTION = YES;
				GCC_WARN_UNUSED_VARIABLE = YES;
				IPHONEOS_DEPLOYMENT_TARGET = 9.2;
				MTL_ENABLE_DEBUG_INFO = YES;
				ONLY_ACTIVE_ARCH = YES;
				SDKROOT = iphoneos;
				SWIFT_OBJC_BRIDGING_HEADER = Stride/BridgingHeader.h;
				SWIFT_OPTIMIZATION_LEVEL = "-Onone";
				USER_HEADER_SEARCH_PATHS = "Pods/**";
			};
			name = Debug;
		};
		7D5BAF391CB5CED200D5D373 /* Release */ = {
			isa = XCBuildConfiguration;
			buildSettings = {
				ALWAYS_SEARCH_USER_PATHS = YES;
				CLANG_CXX_LANGUAGE_STANDARD = "gnu++0x";
				CLANG_CXX_LIBRARY = "libc++";
				CLANG_ENABLE_MODULES = YES;
				CLANG_ENABLE_OBJC_ARC = YES;
				CLANG_WARN_BOOL_CONVERSION = YES;
				CLANG_WARN_CONSTANT_CONVERSION = YES;
				CLANG_WARN_DIRECT_OBJC_ISA_USAGE = YES_ERROR;
				CLANG_WARN_EMPTY_BODY = YES;
				CLANG_WARN_ENUM_CONVERSION = YES;
				CLANG_WARN_INT_CONVERSION = YES;
				CLANG_WARN_OBJC_ROOT_CLASS = YES_ERROR;
				CLANG_WARN_UNREACHABLE_CODE = YES;
				CLANG_WARN__DUPLICATE_METHOD_MATCH = YES;
				"CODE_SIGN_IDENTITY[sdk=iphoneos*]" = "iPhone Developer";
				COPY_PHASE_STRIP = NO;
				DEBUG_INFORMATION_FORMAT = "dwarf-with-dsym";
				ENABLE_NS_ASSERTIONS = NO;
				ENABLE_STRICT_OBJC_MSGSEND = YES;
				GCC_C_LANGUAGE_STANDARD = gnu99;
				GCC_NO_COMMON_BLOCKS = YES;
				GCC_WARN_64_TO_32_BIT_CONVERSION = YES;
				GCC_WARN_ABOUT_RETURN_TYPE = YES_ERROR;
				GCC_WARN_UNDECLARED_SELECTOR = YES;
				GCC_WARN_UNINITIALIZED_AUTOS = YES_AGGRESSIVE;
				GCC_WARN_UNUSED_FUNCTION = YES;
				GCC_WARN_UNUSED_VARIABLE = YES;
				IPHONEOS_DEPLOYMENT_TARGET = 9.2;
				MTL_ENABLE_DEBUG_INFO = NO;
				SDKROOT = iphoneos;
				SWIFT_OBJC_BRIDGING_HEADER = Stride/BridgingHeader.h;
				USER_HEADER_SEARCH_PATHS = "Pods/**";
				VALIDATE_PRODUCT = YES;
			};
			name = Release;
		};
		7D5BAF3B1CB5CED200D5D373 /* Debug */ = {
			isa = XCBuildConfiguration;
			baseConfigurationReference = 7E100D5FD8BEA36739CAA7D4 /* Pods.debug.xcconfig */;
			buildSettings = {
				ASSETCATALOG_COMPILER_APPICON_NAME = AppIcon;
				CODE_SIGN_IDENTITY = "iPhone Developer";
				"CODE_SIGN_IDENTITY[sdk=iphoneos*]" = "iPhone Developer";
				INFOPLIST_FILE = Stride/Info.plist;
				LD_RUNPATH_SEARCH_PATHS = "$(inherited) @executable_path/Frameworks";
				PRODUCT_BUNDLE_IDENTIFIER = Appsolutely.Stride;
				PRODUCT_NAME = "$(TARGET_NAME)";
				PROVISIONING_PROFILE = "";
			};
			name = Debug;
		};
		7D5BAF3C1CB5CED200D5D373 /* Release */ = {
			isa = XCBuildConfiguration;
			baseConfigurationReference = 609A0676259DB46556E9BE3E /* Pods.release.xcconfig */;
			buildSettings = {
				ASSETCATALOG_COMPILER_APPICON_NAME = AppIcon;
				CODE_SIGN_IDENTITY = "iPhone Developer";
				"CODE_SIGN_IDENTITY[sdk=iphoneos*]" = "iPhone Developer";
				INFOPLIST_FILE = Stride/Info.plist;
				LD_RUNPATH_SEARCH_PATHS = "$(inherited) @executable_path/Frameworks";
				PRODUCT_BUNDLE_IDENTIFIER = Appsolutely.Stride;
				PRODUCT_NAME = "$(TARGET_NAME)";
				PROVISIONING_PROFILE = "";
			};
			name = Release;
		};
		7D5BAF3E1CB5CED200D5D373 /* Debug */ = {
			isa = XCBuildConfiguration;
			buildSettings = {
				BUNDLE_LOADER = "$(TEST_HOST)";
				INFOPLIST_FILE = StrideTests/Info.plist;
				LD_RUNPATH_SEARCH_PATHS = "$(inherited) @executable_path/Frameworks @loader_path/Frameworks";
				PRODUCT_BUNDLE_IDENTIFIER = Appsolutely.StrideTests;
				PRODUCT_NAME = "$(TARGET_NAME)";
				TEST_HOST = "$(BUILT_PRODUCTS_DIR)/Stride.app/Stride";
			};
			name = Debug;
		};
		7D5BAF3F1CB5CED200D5D373 /* Release */ = {
			isa = XCBuildConfiguration;
			buildSettings = {
				BUNDLE_LOADER = "$(TEST_HOST)";
				INFOPLIST_FILE = StrideTests/Info.plist;
				LD_RUNPATH_SEARCH_PATHS = "$(inherited) @executable_path/Frameworks @loader_path/Frameworks";
				PRODUCT_BUNDLE_IDENTIFIER = Appsolutely.StrideTests;
				PRODUCT_NAME = "$(TARGET_NAME)";
				TEST_HOST = "$(BUILT_PRODUCTS_DIR)/Stride.app/Stride";
			};
			name = Release;
		};
		7D5BAF411CB5CED200D5D373 /* Debug */ = {
			isa = XCBuildConfiguration;
			buildSettings = {
				INFOPLIST_FILE = StrideUITests/Info.plist;
				LD_RUNPATH_SEARCH_PATHS = "$(inherited) @executable_path/Frameworks @loader_path/Frameworks";
				PRODUCT_BUNDLE_IDENTIFIER = Appsolutely.StrideUITests;
				PRODUCT_NAME = "$(TARGET_NAME)";
				TEST_TARGET_NAME = Stride;
				USES_XCTRUNNER = YES;
			};
			name = Debug;
		};
		7D5BAF421CB5CED200D5D373 /* Release */ = {
			isa = XCBuildConfiguration;
			buildSettings = {
				INFOPLIST_FILE = StrideUITests/Info.plist;
				LD_RUNPATH_SEARCH_PATHS = "$(inherited) @executable_path/Frameworks @loader_path/Frameworks";
				PRODUCT_BUNDLE_IDENTIFIER = Appsolutely.StrideUITests;
				PRODUCT_NAME = "$(TARGET_NAME)";
				TEST_TARGET_NAME = Stride;
				USES_XCTRUNNER = YES;
			};
			name = Release;
		};
/* End XCBuildConfiguration section */

/* Begin XCConfigurationList section */
		7D5BAF0D1CB5CED200D5D373 /* Build configuration list for PBXProject "Stride" */ = {
			isa = XCConfigurationList;
			buildConfigurations = (
				7D5BAF381CB5CED200D5D373 /* Debug */,
				7D5BAF391CB5CED200D5D373 /* Release */,
			);
			defaultConfigurationIsVisible = 0;
			defaultConfigurationName = Release;
		};
		7D5BAF3A1CB5CED200D5D373 /* Build configuration list for PBXNativeTarget "Stride" */ = {
			isa = XCConfigurationList;
			buildConfigurations = (
				7D5BAF3B1CB5CED200D5D373 /* Debug */,
				7D5BAF3C1CB5CED200D5D373 /* Release */,
			);
			defaultConfigurationIsVisible = 0;
			defaultConfigurationName = Release;
		};
		7D5BAF3D1CB5CED200D5D373 /* Build configuration list for PBXNativeTarget "StrideTests" */ = {
			isa = XCConfigurationList;
			buildConfigurations = (
				7D5BAF3E1CB5CED200D5D373 /* Debug */,
				7D5BAF3F1CB5CED200D5D373 /* Release */,
			);
			defaultConfigurationIsVisible = 0;
			defaultConfigurationName = Release;
		};
		7D5BAF401CB5CED200D5D373 /* Build configuration list for PBXNativeTarget "StrideUITests" */ = {
			isa = XCConfigurationList;
			buildConfigurations = (
				7D5BAF411CB5CED200D5D373 /* Debug */,
				7D5BAF421CB5CED200D5D373 /* Release */,
			);
			defaultConfigurationIsVisible = 0;
			defaultConfigurationName = Release;
		};
/* End XCConfigurationList section */
	};
	rootObject = 7D5BAF0A1CB5CED200D5D373 /* Project object */;
}
